// !$*UTF8*$!
{
	archiveVersion = 1;
	classes = {
	};
	objectVersion = 46;
	objects = {

/* Begin PBXBuildFile section */
		32D1A5FF1CF7C565000C6C7A /* AppDelegate.swift in Sources */ = {isa = PBXBuildFile; fileRef = 32D1A5FE1CF7C565000C6C7A /* AppDelegate.swift */; };
		32D1A6011CF7C565000C6C7A /* ViewController.swift in Sources */ = {isa = PBXBuildFile; fileRef = 32D1A6001CF7C565000C6C7A /* ViewController.swift */; };
		32D1A6041CF7C565000C6C7A /* Main.storyboard in Resources */ = {isa = PBXBuildFile; fileRef = 32D1A6021CF7C565000C6C7A /* Main.storyboard */; };
		32D1A6061CF7C565000C6C7A /* Assets.xcassets in Resources */ = {isa = PBXBuildFile; fileRef = 32D1A6051CF7C565000C6C7A /* Assets.xcassets */; };
		32D1A6091CF7C565000C6C7A /* LaunchScreen.storyboard in Resources */ = {isa = PBXBuildFile; fileRef = 32D1A6071CF7C565000C6C7A /* LaunchScreen.storyboard */; };
		32D1A6141CF7C565000C6C7A /* MemeMeTests.swift in Sources */ = {isa = PBXBuildFile; fileRef = 32D1A6131CF7C565000C6C7A /* MemeMeTests.swift */; };
		32D1A61F1CF7C565000C6C7A /* MemeMeUITests.swift in Sources */ = {isa = PBXBuildFile; fileRef = 32D1A61E1CF7C565000C6C7A /* MemeMeUITests.swift */; };
/* End PBXBuildFile section */

/* Begin PBXContainerItemProxy section */
		32D1A6101CF7C565000C6C7A /* PBXContainerItemProxy */ = {
			isa = PBXContainerItemProxy;
			containerPortal = 32D1A5F31CF7C565000C6C7A /* Project object */;
			proxyType = 1;
			remoteGlobalIDString = 32D1A5FA1CF7C565000C6C7A;
			remoteInfo = MemeMe;
		};
		32D1A61B1CF7C565000C6C7A /* PBXContainerItemProxy */ = {
			isa = PBXContainerItemProxy;
			containerPortal = 32D1A5F31CF7C565000C6C7A /* Project object */;
			proxyType = 1;
			remoteGlobalIDString = 32D1A5FA1CF7C565000C6C7A;
			remoteInfo = MemeMe;
		};
/* End PBXContainerItemProxy section */

/* Begin PBXFileReference section */
		32D1A5FB1CF7C565000C6C7A /* MemeMe.app */ = {isa = PBXFileReference; explicitFileType = wrapper.application; includeInIndex = 0; path = MemeMe.app; sourceTree = BUILT_PRODUCTS_DIR; };
		32D1A5FE1CF7C565000C6C7A /* AppDelegate.swift */ = {isa = PBXFileReference; lastKnownFileType = sourcecode.swift; path = AppDelegate.swift; sourceTree = "<group>"; };
		32D1A6001CF7C565000C6C7A /* ViewController.swift */ = {isa = PBXFileReference; lastKnownFileType = sourcecode.swift; path = ViewController.swift; sourceTree = "<group>"; };
		32D1A6031CF7C565000C6C7A /* Base */ = {isa = PBXFileReference; lastKnownFileType = file.storyboard; name = Base; path = Base.lproj/Main.storyboard; sourceTree = "<group>"; };
		32D1A6051CF7C565000C6C7A /* Assets.xcassets */ = {isa = PBXFileReference; lastKnownFileType = folder.assetcatalog; path = Assets.xcassets; sourceTree = "<group>"; };
		32D1A6081CF7C565000C6C7A /* Base */ = {isa = PBXFileReference; lastKnownFileType = file.storyboard; name = Base; path = Base.lproj/LaunchScreen.storyboard; sourceTree = "<group>"; };
		32D1A60A1CF7C565000C6C7A /* Info.plist */ = {isa = PBXFileReference; lastKnownFileType = text.plist.xml; path = Info.plist; sourceTree = "<group>"; };
		32D1A60F1CF7C565000C6C7A /* MemeMeTests.xctest */ = {isa = PBXFileReference; explicitFileType = wrapper.cfbundle; includeInIndex = 0; path = MemeMeTests.xctest; sourceTree = BUILT_PRODUCTS_DIR; };
		32D1A6131CF7C565000C6C7A /* MemeMeTests.swift */ = {isa = PBXFileReference; lastKnownFileType = sourcecode.swift; path = MemeMeTests.swift; sourceTree = "<group>"; };
		32D1A6151CF7C565000C6C7A /* Info.plist */ = {isa = PBXFileReference; lastKnownFileType = text.plist.xml; path = Info.plist; sourceTree = "<group>"; };
		32D1A61A1CF7C565000C6C7A /* MemeMeUITests.xctest */ = {isa = PBXFileReference; explicitFileType = wrapper.cfbundle; includeInIndex = 0; path = MemeMeUITests.xctest; sourceTree = BUILT_PRODUCTS_DIR; };
		32D1A61E1CF7C565000C6C7A /* MemeMeUITests.swift */ = {isa = PBXFileReference; lastKnownFileType = sourcecode.swift; path = MemeMeUITests.swift; sourceTree = "<group>"; };
		32D1A6201CF7C565000C6C7A /* Info.plist */ = {isa = PBXFileReference; lastKnownFileType = text.plist.xml; path = Info.plist; sourceTree = "<group>"; };
/* End PBXFileReference section */

/* Begin PBXFrameworksBuildPhase section */
		32D1A5F81CF7C565000C6C7A /* Frameworks */ = {
			isa = PBXFrameworksBuildPhase;
			buildActionMask = 2147483647;
			files = (
			);
			runOnlyForDeploymentPostprocessing = 0;
		};
		32D1A60C1CF7C565000C6C7A /* Frameworks */ = {
			isa = PBXFrameworksBuildPhase;
			buildActionMask = 2147483647;
			files = (
			);
			runOnlyForDeploymentPostprocessing = 0;
		};
		32D1A6171CF7C565000C6C7A /* Frameworks */ = {
			isa = PBXFrameworksBuildPhase;
			buildActionMask = 2147483647;
			files = (
			);
			runOnlyForDeploymentPostprocessing = 0;
		};
/* End PBXFrameworksBuildPhase section */

/* Begin PBXGroup section */
		32D1A5F21CF7C565000C6C7A = {
			isa = PBXGroup;
			children = (
				32D1A5FD1CF7C565000C6C7A /* MemeMe */,
				32D1A6121CF7C565000C6C7A /* MemeMeTests */,
				32D1A61D1CF7C565000C6C7A /* MemeMeUITests */,
				32D1A5FC1CF7C565000C6C7A /* Products */,
			);
			sourceTree = "<group>";
		};
		32D1A5FC1CF7C565000C6C7A /* Products */ = {
			isa = PBXGroup;
			children = (
				32D1A5FB1CF7C565000C6C7A /* MemeMe.app */,
				32D1A60F1CF7C565000C6C7A /* MemeMeTests.xctest */,
				32D1A61A1CF7C565000C6C7A /* MemeMeUITests.xctest */,
			);
			name = Products;
			sourceTree = "<group>";
		};
		32D1A5FD1CF7C565000C6C7A /* MemeMe */ = {
			isa = PBXGroup;
			children = (
				32D1A5FE1CF7C565000C6C7A /* AppDelegate.swift */,
				32D1A6001CF7C565000C6C7A /* ViewController.swift */,
				32D1A6021CF7C565000C6C7A /* Main.storyboard */,
				32D1A6051CF7C565000C6C7A /* Assets.xcassets */,
				32D1A6071CF7C565000C6C7A /* LaunchScreen.storyboard */,
				32D1A60A1CF7C565000C6C7A /* Info.plist */,
			);
			path = MemeMe;
			sourceTree = "<group>";
		};
		32D1A6121CF7C565000C6C7A /* MemeMeTests */ = {
			isa = PBXGroup;
			children = (
				32D1A6131CF7C565000C6C7A /* MemeMeTests.swift */,
				32D1A6151CF7C565000C6C7A /* Info.plist */,
			);
			path = MemeMeTests;
			sourceTree = "<group>";
		};
		32D1A61D1CF7C565000C6C7A /* MemeMeUITests */ = {
			isa = PBXGroup;
			children = (
				32D1A61E1CF7C565000C6C7A /* MemeMeUITests.swift */,
				32D1A6201CF7C565000C6C7A /* Info.plist */,
			);
			path = MemeMeUITests;
			sourceTree = "<group>";
		};
/* End PBXGroup section */

/* Begin PBXNativeTarget section */
		32D1A5FA1CF7C565000C6C7A /* MemeMe */ = {
			isa = PBXNativeTarget;
			buildConfigurationList = 32D1A6231CF7C565000C6C7A /* Build configuration list for PBXNativeTarget "MemeMe" */;
			buildPhases = (
				32D1A5F71CF7C565000C6C7A /* Sources */,
				32D1A5F81CF7C565000C6C7A /* Frameworks */,
				32D1A5F91CF7C565000C6C7A /* Resources */,
			);
			buildRules = (
			);
			dependencies = (
			);
			name = MemeMe;
			productName = MemeMe;
			productReference = 32D1A5FB1CF7C565000C6C7A /* MemeMe.app */;
			productType = "com.apple.product-type.application";
		};
		32D1A60E1CF7C565000C6C7A /* MemeMeTests */ = {
			isa = PBXNativeTarget;
			buildConfigurationList = 32D1A6261CF7C565000C6C7A /* Build configuration list for PBXNativeTarget "MemeMeTests" */;
			buildPhases = (
				32D1A60B1CF7C565000C6C7A /* Sources */,
				32D1A60C1CF7C565000C6C7A /* Frameworks */,
				32D1A60D1CF7C565000C6C7A /* Resources */,
			);
			buildRules = (
			);
			dependencies = (
				32D1A6111CF7C565000C6C7A /* PBXTargetDependency */,
			);
			name = MemeMeTests;
			productName = MemeMeTests;
			productReference = 32D1A60F1CF7C565000C6C7A /* MemeMeTests.xctest */;
			productType = "com.apple.product-type.bundle.unit-test";
		};
		32D1A6191CF7C565000C6C7A /* MemeMeUITests */ = {
			isa = PBXNativeTarget;
			buildConfigurationList = 32D1A6291CF7C565000C6C7A /* Build configuration list for PBXNativeTarget "MemeMeUITests" */;
			buildPhases = (
				32D1A6161CF7C565000C6C7A /* Sources */,
				32D1A6171CF7C565000C6C7A /* Frameworks */,
				32D1A6181CF7C565000C6C7A /* Resources */,
			);
			buildRules = (
			);
			dependencies = (
				32D1A61C1CF7C565000C6C7A /* PBXTargetDependency */,
			);
			name = MemeMeUITests;
			productName = MemeMeUITests;
			productReference = 32D1A61A1CF7C565000C6C7A /* MemeMeUITests.xctest */;
			productType = "com.apple.product-type.bundle.ui-testing";
		};
/* End PBXNativeTarget section */

/* Begin PBXProject section */
		32D1A5F31CF7C565000C6C7A /* Project object */ = {
			isa = PBXProject;
			attributes = {
				LastSwiftUpdateCheck = 0720;
				LastUpgradeCheck = 0720;
				ORGANIZATIONNAME = "CHIN-CHWEN TIEN";
				TargetAttributes = {
					32D1A5FA1CF7C565000C6C7A = {
						CreatedOnToolsVersion = 7.2;
						DevelopmentTeam = ZWUMSGQQ89;
					};
					32D1A60E1CF7C565000C6C7A = {
						CreatedOnToolsVersion = 7.2;
						DevelopmentTeam = ZWUMSGQQ89;
						TestTargetID = 32D1A5FA1CF7C565000C6C7A;
					};
					32D1A6191CF7C565000C6C7A = {
						CreatedOnToolsVersion = 7.2;
						DevelopmentTeam = ZWUMSGQQ89;
						TestTargetID = 32D1A5FA1CF7C565000C6C7A;
					};
				};
			};
			buildConfigurationList = 32D1A5F61CF7C565000C6C7A /* Build configuration list for PBXProject "MemeMe" */;
			compatibilityVersion = "Xcode 3.2";
			developmentRegion = English;
			hasScannedForEncodings = 0;
			knownRegions = (
				en,
				Base,
			);
			mainGroup = 32D1A5F21CF7C565000C6C7A;
			productRefGroup = 32D1A5FC1CF7C565000C6C7A /* Products */;
			projectDirPath = "";
			projectRoot = "";
			targets = (
				32D1A5FA1CF7C565000C6C7A /* MemeMe */,
				32D1A60E1CF7C565000C6C7A /* MemeMeTests */,
				32D1A6191CF7C565000C6C7A /* MemeMeUITests */,
			);
		};
/* End PBXProject section */

/* Begin PBXResourcesBuildPhase section */
		32D1A5F91CF7C565000C6C7A /* Resources */ = {
			isa = PBXResourcesBuildPhase;
			buildActionMask = 2147483647;
			files = (
				32D1A6091CF7C565000C6C7A /* LaunchScreen.storyboard in Resources */,
				32D1A6061CF7C565000C6C7A /* Assets.xcassets in Resources */,
				32D1A6041CF7C565000C6C7A /* Main.storyboard in Resources */,
			);
			runOnlyForDeploymentPostprocessing = 0;
		};
		32D1A60D1CF7C565000C6C7A /* Resources */ = {
			isa = PBXResourcesBuildPhase;
			buildActionMask = 2147483647;
			files = (
			);
			runOnlyForDeploymentPostprocessing = 0;
		};
		32D1A6181CF7C565000C6C7A /* Resources */ = {
			isa = PBXResourcesBuildPhase;
			buildActionMask = 2147483647;
			files = (
			);
			runOnlyForDeploymentPostprocessing = 0;
		};
/* End PBXResourcesBuildPhase section */

/* Begin PBXSourcesBuildPhase section */
		32D1A5F71CF7C565000C6C7A /* Sources */ = {
			isa = PBXSourcesBuildPhase;
			buildActionMask = 2147483647;
			files = (
				32D1A6011CF7C565000C6C7A /* ViewController.swift in Sources */,
				32D1A5FF1CF7C565000C6C7A /* AppDelegate.swift in Sources */,
			);
			runOnlyForDeploymentPostprocessing = 0;
		};
		32D1A60B1CF7C565000C6C7A /* Sources */ = {
			isa = PBXSourcesBuildPhase;
			buildActionMask = 2147483647;
			files = (
				32D1A6141CF7C565000C6C7A /* MemeMeTests.swift in Sources */,
			);
			runOnlyForDeploymentPostprocessing = 0;
		};
		32D1A6161CF7C565000C6C7A /* Sources */ = {
			isa = PBXSourcesBuildPhase;
			buildActionMask = 2147483647;
			files = (
				32D1A61F1CF7C565000C6C7A /* MemeMeUITests.swift in Sources */,
			);
			runOnlyForDeploymentPostprocessing = 0;
		};
/* End PBXSourcesBuildPhase section */

/* Begin PBXTargetDependency section */
		32D1A6111CF7C565000C6C7A /* PBXTargetDependency */ = {
			isa = PBXTargetDependency;
			target = 32D1A5FA1CF7C565000C6C7A /* MemeMe */;
			targetProxy = 32D1A6101CF7C565000C6C7A /* PBXContainerItemProxy */;
		};
		32D1A61C1CF7C565000C6C7A /* PBXTargetDependency */ = {
			isa = PBXTargetDependency;
			target = 32D1A5FA1CF7C565000C6C7A /* MemeMe */;
			targetProxy = 32D1A61B1CF7C565000C6C7A /* PBXContainerItemProxy */;
		};
/* End PBXTargetDependency section */

/* Begin PBXVariantGroup section */
		32D1A6021CF7C565000C6C7A /* Main.storyboard */ = {
			isa = PBXVariantGroup;
			children = (
				32D1A6031CF7C565000C6C7A /* Base */,
			);
			name = Main.storyboard;
			sourceTree = "<group>";
		};
		32D1A6071CF7C565000C6C7A /* LaunchScreen.storyboard */ = {
			isa = PBXVariantGroup;
			children = (
				32D1A6081CF7C565000C6C7A /* Base */,
			);
			name = LaunchScreen.storyboard;
			sourceTree = "<group>";
		};
/* End PBXVariantGroup section */

/* Begin XCBuildConfiguration section */
		32D1A6211CF7C565000C6C7A /* Debug */ = {
			isa = XCBuildConfiguration;
			buildSettings = {
				ALWAYS_SEARCH_USER_PATHS = NO;
				CLANG_CXX_LANGUAGE_STANDARD = "gnu++0x";
				CLANG_CXX_LIBRARY = "libc++";
				CLANG_ENABLE_MODULES = YES;
				CLANG_ENABLE_OBJC_ARC = YES;
				CLANG_WARN_BOOL_CONVERSION = YES;
				CLANG_WARN_CONSTANT_CONVERSION = YES;
				CLANG_WARN_DIRECT_OBJC_ISA_USAGE = YES_ERROR;
				CLANG_WARN_EMPTY_BODY = YES;
				CLANG_WARN_ENUM_CONVERSION = YES;
				CLANG_WARN_INT_CONVERSION = YES;
				CLANG_WARN_OBJC_ROOT_CLASS = YES_ERROR;
				CLANG_WARN_UNREACHABLE_CODE = YES;
				CLANG_WARN__DUPLICATE_METHOD_MATCH = YES;
				"CODE_SIGN_IDENTITY[sdk=iphoneos*]" = "iPhone Developer";
				COPY_PHASE_STRIP = NO;
				DEBUG_INFORMATION_FORMAT = dwarf;
				ENABLE_STRICT_OBJC_MSGSEND = YES;
				ENABLE_TESTABILITY = YES;
				GCC_C_LANGUAGE_STANDARD = gnu99;
				GCC_DYNAMIC_NO_PIC = NO;
				GCC_NO_COMMON_BLOCKS = YES;
				GCC_OPTIMIZATION_LEVEL = 0;
				GCC_PREPROCESSOR_DEFINITIONS = (
					"DEBUG=1",
					"$(inherited)",
				);
				GCC_WARN_64_TO_32_BIT_CONVERSION = YES;
				GCC_WARN_ABOUT_RETURN_TYPE = YES_ERROR;
				GCC_WARN_UNDECLARED_SELECTOR = YES;
				GCC_WARN_UNINITIALIZED_AUTOS = YES_AGGRESSIVE;
				GCC_WARN_UNUSED_FUNCTION = YES;
				GCC_WARN_UNUSED_VARIABLE = YES;
				IPHONEOS_DEPLOYMENT_TARGET = 9.2;
				MTL_ENABLE_DEBUG_INFO = YES;
				ONLY_ACTIVE_ARCH = YES;
				SDKROOT = iphoneos;
				SWIFT_OPTIMIZATION_LEVEL = "-Onone";
			};
			name = Debug;
		};
		32D1A6221CF7C565000C6C7A /* Release */ = {
			isa = XCBuildConfiguration;
			buildSettings = {
				ALWAYS_SEARCH_USER_PATHS = NO;
				CLANG_CXX_LANGUAGE_STANDARD = "gnu++0x";
				CLANG_CXX_LIBRARY = "libc++";
				CLANG_ENABLE_MODULES = YES;
				CLANG_ENABLE_OBJC_ARC = YES;
				CLANG_WARN_BOOL_CONVERSION = YES;
				CLANG_WARN_CONSTANT_CONVERSION = YES;
				CLANG_WARN_DIRECT_OBJC_ISA_USAGE = YES_ERROR;
				CLANG_WARN_EMPTY_BODY = YES;
				CLANG_WARN_ENUM_CONVERSION = YES;
				CLANG_WARN_INT_CONVERSION = YES;
				CLANG_WARN_OBJC_ROOT_CLASS = YES_ERROR;
				CLANG_WARN_UNREACHABLE_CODE = YES;
				CLANG_WARN__DUPLICATE_METHOD_MATCH = YES;
				"CODE_SIGN_IDENTITY[sdk=iphoneos*]" = "iPhone Developer";
				COPY_PHASE_STRIP = NO;
				DEBUG_INFORMATION_FORMAT = "dwarf-with-dsym";
				ENABLE_NS_ASSERTIONS = NO;
				ENABLE_STRICT_OBJC_MSGSEND = YES;
				GCC_C_LANGUAGE_STANDARD = gnu99;
				GCC_NO_COMMON_BLOCKS = YES;
				GCC_WARN_64_TO_32_BIT_CONVERSION = YES;
				GCC_WARN_ABOUT_RETURN_TYPE = YES_ERROR;
				GCC_WARN_UNDECLARED_SELECTOR = YES;
				GCC_WARN_UNINITIALIZED_AUTOS = YES_AGGRESSIVE;
				GCC_WARN_UNUSED_FUNCTION = YES;
				GCC_WARN_UNUSED_VARIABLE = YES;
				IPHONEOS_DEPLOYMENT_TARGET = 9.2;
				MTL_ENABLE_DEBUG_INFO = NO;
				SDKROOT = iphoneos;
				VALIDATE_PRODUCT = YES;
			};
			name = Release;
		};
		32D1A6241CF7C565000C6C7A /* Debug */ = {
			isa = XCBuildConfiguration;
			buildSettings = {
				ASSETCATALOG_COMPILER_APPICON_NAME = AppIcon;
				INFOPLIST_FILE = MemeMe/Info.plist;
				LD_RUNPATH_SEARCH_PATHS = "$(inherited) @executable_path/Frameworks";
				PRODUCT_BUNDLE_IDENTIFIER = "com.CHIN-CHWEN-TIEN.MemeMe";
				PRODUCT_NAME = "$(TARGET_NAME)";
			};
			name = Debug;
		};
		32D1A6251CF7C565000C6C7A /* Release */ = {
			isa = XCBuildConfiguration;
			buildSettings = {
				ASSETCATALOG_COMPILER_APPICON_NAME = AppIcon;
				INFOPLIST_FILE = MemeMe/Info.plist;
				LD_RUNPATH_SEARCH_PATHS = "$(inherited) @executable_path/Frameworks";
				PRODUCT_BUNDLE_IDENTIFIER = "com.CHIN-CHWEN-TIEN.MemeMe";
				PRODUCT_NAME = "$(TARGET_NAME)";
			};
			name = Release;
		};
		32D1A6271CF7C565000C6C7A /* Debug */ = {
			isa = XCBuildConfiguration;
			buildSettings = {
				BUNDLE_LOADER = "$(TEST_HOST)";
				INFOPLIST_FILE = MemeMeTests/Info.plist;
				LD_RUNPATH_SEARCH_PATHS = "$(inherited) @executable_path/Frameworks @loader_path/Frameworks";
				PRODUCT_BUNDLE_IDENTIFIER = "com.CHIN-CHWEN-TIEN.MemeMeTests";
				PRODUCT_NAME = "$(TARGET_NAME)";
				TEST_HOST = "$(BUILT_PRODUCTS_DIR)/MemeMe.app/MemeMe";
			};
			name = Debug;
		};
		32D1A6281CF7C565000C6C7A /* Release */ = {
			isa = XCBuildConfiguration;
			buildSettings = {
				BUNDLE_LOADER = "$(TEST_HOST)";
				INFOPLIST_FILE = MemeMeTests/Info.plist;
				LD_RUNPATH_SEARCH_PATHS = "$(inherited) @executable_path/Frameworks @loader_path/Frameworks";
				PRODUCT_BUNDLE_IDENTIFIER = "com.CHIN-CHWEN-TIEN.MemeMeTests";
				PRODUCT_NAME = "$(TARGET_NAME)";
				TEST_HOST = "$(BUILT_PRODUCTS_DIR)/MemeMe.app/MemeMe";
			};
			name = Release;
		};
		32D1A62A1CF7C565000C6C7A /* Debug */ = {
			isa = XCBuildConfiguration;
			buildSettings = {
				INFOPLIST_FILE = MemeMeUITests/Info.plist;
				LD_RUNPATH_SEARCH_PATHS = "$(inherited) @executable_path/Frameworks @loader_path/Frameworks";
				PRODUCT_BUNDLE_IDENTIFIER = "com.CHIN-CHWEN-TIEN.MemeMeUITests";
				PRODUCT_NAME = "$(TARGET_NAME)";
				TEST_TARGET_NAME = MemeMe;
				USES_XCTRUNNER = YES;
			};
			name = Debug;
		};
		32D1A62B1CF7C565000C6C7A /* Release */ = {
			isa = XCBuildConfiguration;
			buildSettings = {
				INFOPLIST_FILE = MemeMeUITests/Info.plist;
				LD_RUNPATH_SEARCH_PATHS = "$(inherited) @executable_path/Frameworks @loader_path/Frameworks";
				PRODUCT_BUNDLE_IDENTIFIER = "com.CHIN-CHWEN-TIEN.MemeMeUITests";
				PRODUCT_NAME = "$(TARGET_NAME)";
				TEST_TARGET_NAME = MemeMe;
				USES_XCTRUNNER = YES;
			};
			name = Release;
		};
/* End XCBuildConfiguration section */

/* Begin XCConfigurationList section */
		32D1A5F61CF7C565000C6C7A /* Build configuration list for PBXProject "MemeMe" */ = {
			isa = XCConfigurationList;
			buildConfigurations = (
				32D1A6211CF7C565000C6C7A /* Debug */,
				32D1A6221CF7C565000C6C7A /* Release */,
			);
			defaultConfigurationIsVisible = 0;
			defaultConfigurationName = Release;
		};
		32D1A6231CF7C565000C6C7A /* Build configuration list for PBXNativeTarget "MemeMe" */ = {
			isa = XCConfigurationList;
			buildConfigurations = (
				32D1A6241CF7C565000C6C7A /* Debug */,
				32D1A6251CF7C565000C6C7A /* Release */,
			);
			defaultConfigurationIsVisible = 0;
			defaultConfigurationName = Release;
		};
		32D1A6261CF7C565000C6C7A /* Build configuration list for PBXNativeTarget "MemeMeTests" */ = {
			isa = XCConfigurationList;
			buildConfigurations = (
				32D1A6271CF7C565000C6C7A /* Debug */,
				32D1A6281CF7C565000C6C7A /* Release */,
			);
			defaultConfigurationIsVisible = 0;
			defaultConfigurationName = Release;
		};
		32D1A6291CF7C565000C6C7A /* Build configuration list for PBXNativeTarget "MemeMeUITests" */ = {
			isa = XCConfigurationList;
			buildConfigurations = (
				32D1A62A1CF7C565000C6C7A /* Debug */,
				32D1A62B1CF7C565000C6C7A /* Release */,
			);
			defaultConfigurationIsVisible = 0;
			defaultConfigurationName = Release;
		};
/* End XCConfigurationList section */
	};
	rootObject = 32D1A5F31CF7C565000C6C7A /* Project object */;
}
